// !$*UTF8*$!
{
	archiveVersion = 1;
	classes = {
	};
	objectVersion = 46;
	objects = {

/* Begin PBXBuildFile section */
		8C1500AE18B8F21D00291E24 /* Foundation.framework in Frameworks */ = {isa = PBXBuildFile; fileRef = 8C1500AD18B8F21D00291E24 /* Foundation.framework */; };
		8C1500B018B8F21D00291E24 /* CoreGraphics.framework in Frameworks */ = {isa = PBXBuildFile; fileRef = 8C1500AF18B8F21D00291E24 /* CoreGraphics.framework */; };
		8C1500B218B8F21D00291E24 /* UIKit.framework in Frameworks */ = {isa = PBXBuildFile; fileRef = 8C1500B118B8F21D00291E24 /* UIKit.framework */; };
		8C1500B818B8F21D00291E24 /* InfoPlist.strings in Resources */ = {isa = PBXBuildFile; fileRef = 8C1500B618B8F21D00291E24 /* InfoPlist.strings */; };
		8C1500BA18B8F21D00291E24 /* main.m in Sources */ = {isa = PBXBuildFile; fileRef = 8C1500B918B8F21D00291E24 /* main.m */; };
		8C1500BE18B8F21D00291E24 /* FMJAppDelegate.m in Sources */ = {isa = PBXBuildFile; fileRef = 8C1500BD18B8F21D00291E24 /* FMJAppDelegate.m */; };
		8C1500C018B8F21D00291E24 /* Images.xcassets in Resources */ = {isa = PBXBuildFile; fileRef = 8C1500BF18B8F21D00291E24 /* Images.xcassets */; };
		8C1500C718B8F21D00291E24 /* XCTest.framework in Frameworks */ = {isa = PBXBuildFile; fileRef = 8C1500C618B8F21D00291E24 /* XCTest.framework */; };
		8C1500C818B8F21D00291E24 /* Foundation.framework in Frameworks */ = {isa = PBXBuildFile; fileRef = 8C1500AD18B8F21D00291E24 /* Foundation.framework */; };
		8C1500C918B8F21D00291E24 /* UIKit.framework in Frameworks */ = {isa = PBXBuildFile; fileRef = 8C1500B118B8F21D00291E24 /* UIKit.framework */; };
		8C1500D118B8F21D00291E24 /* InfoPlist.strings in Resources */ = {isa = PBXBuildFile; fileRef = 8C1500CF18B8F21D00291E24 /* InfoPlist.strings */; };
		8C1500D318B8F21D00291E24 /* QuittTests.m in Sources */ = {isa = PBXBuildFile; fileRef = 8C1500D218B8F21D00291E24 /* QuittTests.m */; };
		8CF8087018B8F3D700A5B458 /* Storyboard.storyboard in Resources */ = {isa = PBXBuildFile; fileRef = 8CF8086F18B8F3D700A5B458 /* Storyboard.storyboard */; };
		8CF8087418B8FCC300A5B458 /* FMJDashboardViewController.m in Sources */ = {isa = PBXBuildFile; fileRef = 8CF8087318B8FCC300A5B458 /* FMJDashboardViewController.m */; };
/* End PBXBuildFile section */

/* Begin PBXContainerItemProxy section */
		8C1500CA18B8F21D00291E24 /* PBXContainerItemProxy */ = {
			isa = PBXContainerItemProxy;
			containerPortal = 8C1500A218B8F21D00291E24 /* Project object */;
			proxyType = 1;
			remoteGlobalIDString = 8C1500A918B8F21D00291E24;
			remoteInfo = Quitt;
		};
/* End PBXContainerItemProxy section */

/* Begin PBXFileReference section */
		8C1500AA18B8F21D00291E24 /* Quitt.app */ = {isa = PBXFileReference; explicitFileType = wrapper.application; includeInIndex = 0; path = Quitt.app; sourceTree = BUILT_PRODUCTS_DIR; };
		8C1500AD18B8F21D00291E24 /* Foundation.framework */ = {isa = PBXFileReference; lastKnownFileType = wrapper.framework; name = Foundation.framework; path = System/Library/Frameworks/Foundation.framework; sourceTree = SDKROOT; };
		8C1500AF18B8F21D00291E24 /* CoreGraphics.framework */ = {isa = PBXFileReference; lastKnownFileType = wrapper.framework; name = CoreGraphics.framework; path = System/Library/Frameworks/CoreGraphics.framework; sourceTree = SDKROOT; };
		8C1500B118B8F21D00291E24 /* UIKit.framework */ = {isa = PBXFileReference; lastKnownFileType = wrapper.framework; name = UIKit.framework; path = System/Library/Frameworks/UIKit.framework; sourceTree = SDKROOT; };
		8C1500B518B8F21D00291E24 /* Quitt-Info.plist */ = {isa = PBXFileReference; lastKnownFileType = text.plist.xml; path = "Quitt-Info.plist"; sourceTree = "<group>"; };
		8C1500B718B8F21D00291E24 /* en */ = {isa = PBXFileReference; lastKnownFileType = text.plist.strings; name = en; path = en.lproj/InfoPlist.strings; sourceTree = "<group>"; };
		8C1500B918B8F21D00291E24 /* main.m */ = {isa = PBXFileReference; lastKnownFileType = sourcecode.c.objc; path = main.m; sourceTree = "<group>"; };
		8C1500BB18B8F21D00291E24 /* Quitt-Prefix.pch */ = {isa = PBXFileReference; lastKnownFileType = sourcecode.c.h; path = "Quitt-Prefix.pch"; sourceTree = "<group>"; };
		8C1500BC18B8F21D00291E24 /* FMJAppDelegate.h */ = {isa = PBXFileReference; lastKnownFileType = sourcecode.c.h; path = FMJAppDelegate.h; sourceTree = "<group>"; };
		8C1500BD18B8F21D00291E24 /* FMJAppDelegate.m */ = {isa = PBXFileReference; lastKnownFileType = sourcecode.c.objc; path = FMJAppDelegate.m; sourceTree = "<group>"; };
		8C1500BF18B8F21D00291E24 /* Images.xcassets */ = {isa = PBXFileReference; lastKnownFileType = folder.assetcatalog; path = Images.xcassets; sourceTree = "<group>"; };
		8C1500C518B8F21D00291E24 /* QuittTests.xctest */ = {isa = PBXFileReference; explicitFileType = wrapper.cfbundle; includeInIndex = 0; path = QuittTests.xctest; sourceTree = BUILT_PRODUCTS_DIR; };
		8C1500C618B8F21D00291E24 /* XCTest.framework */ = {isa = PBXFileReference; lastKnownFileType = wrapper.framework; name = XCTest.framework; path = Library/Frameworks/XCTest.framework; sourceTree = DEVELOPER_DIR; };
		8C1500CE18B8F21D00291E24 /* QuittTests-Info.plist */ = {isa = PBXFileReference; lastKnownFileType = text.plist.xml; path = "QuittTests-Info.plist"; sourceTree = "<group>"; };
		8C1500D018B8F21D00291E24 /* en */ = {isa = PBXFileReference; lastKnownFileType = text.plist.strings; name = en; path = en.lproj/InfoPlist.strings; sourceTree = "<group>"; };
		8C1500D218B8F21D00291E24 /* QuittTests.m */ = {isa = PBXFileReference; lastKnownFileType = sourcecode.c.objc; path = QuittTests.m; sourceTree = "<group>"; };
		8CF8086F18B8F3D700A5B458 /* Storyboard.storyboard */ = {isa = PBXFileReference; fileEncoding = 4; lastKnownFileType = file.storyboard; path = Storyboard.storyboard; sourceTree = "<group>"; };
		8CF8087218B8FCC300A5B458 /* FMJDashboardViewController.h */ = {isa = PBXFileReference; fileEncoding = 4; lastKnownFileType = sourcecode.c.h; path = FMJDashboardViewController.h; sourceTree = "<group>"; };
		8CF8087318B8FCC300A5B458 /* FMJDashboardViewController.m */ = {isa = PBXFileReference; fileEncoding = 4; lastKnownFileType = sourcecode.c.objc; path = FMJDashboardViewController.m; sourceTree = "<group>"; };
/* End PBXFileReference section */

/* Begin PBXFrameworksBuildPhase section */
		8C1500A718B8F21D00291E24 /* Frameworks */ = {
			isa = PBXFrameworksBuildPhase;
			buildActionMask = 2147483647;
			files = (
				8C1500B018B8F21D00291E24 /* CoreGraphics.framework in Frameworks */,
				8C1500B218B8F21D00291E24 /* UIKit.framework in Frameworks */,
				8C1500AE18B8F21D00291E24 /* Foundation.framework in Frameworks */,
			);
			runOnlyForDeploymentPostprocessing = 0;
		};
		8C1500C218B8F21D00291E24 /* Frameworks */ = {
			isa = PBXFrameworksBuildPhase;
			buildActionMask = 2147483647;
			files = (
				8C1500C718B8F21D00291E24 /* XCTest.framework in Frameworks */,
				8C1500C918B8F21D00291E24 /* UIKit.framework in Frameworks */,
				8C1500C818B8F21D00291E24 /* Foundation.framework in Frameworks */,
			);
			runOnlyForDeploymentPostprocessing = 0;
		};
/* End PBXFrameworksBuildPhase section */

/* Begin PBXGroup section */
		8C1500A118B8F21D00291E24 = {
			isa = PBXGroup;
			children = (
				8C1500B318B8F21D00291E24 /* Quitt */,
				8C1500CC18B8F21D00291E24 /* QuittTests */,
				8C1500AC18B8F21D00291E24 /* Frameworks */,
				8C1500AB18B8F21D00291E24 /* Products */,
			);
			sourceTree = "<group>";
		};
		8C1500AB18B8F21D00291E24 /* Products */ = {
			isa = PBXGroup;
			children = (
				8C1500AA18B8F21D00291E24 /* Quitt.app */,
				8C1500C518B8F21D00291E24 /* QuittTests.xctest */,
			);
			name = Products;
			sourceTree = "<group>";
		};
		8C1500AC18B8F21D00291E24 /* Frameworks */ = {
			isa = PBXGroup;
			children = (
				8C1500AD18B8F21D00291E24 /* Foundation.framework */,
				8C1500AF18B8F21D00291E24 /* CoreGraphics.framework */,
				8C1500B118B8F21D00291E24 /* UIKit.framework */,
				8C1500C618B8F21D00291E24 /* XCTest.framework */,
			);
			name = Frameworks;
			sourceTree = "<group>";
		};
		8C1500B318B8F21D00291E24 /* Quitt */ = {
			isa = PBXGroup;
			children = (
				8C1500BC18B8F21D00291E24 /* FMJAppDelegate.h */,
				8C1500BD18B8F21D00291E24 /* FMJAppDelegate.m */,
				8CF8087118B8FB7D00A5B458 /* View Controllers */,
				8CF8086F18B8F3D700A5B458 /* Storyboard.storyboard */,
				8C1500BF18B8F21D00291E24 /* Images.xcassets */,
				8C1500B418B8F21D00291E24 /* Supporting Files */,
			);
			path = Quitt;
			sourceTree = "<group>";
		};
		8C1500B418B8F21D00291E24 /* Supporting Files */ = {
			isa = PBXGroup;
			children = (
				8C1500B518B8F21D00291E24 /* Quitt-Info.plist */,
				8C1500B618B8F21D00291E24 /* InfoPlist.strings */,
				8C1500B918B8F21D00291E24 /* main.m */,
				8C1500BB18B8F21D00291E24 /* Quitt-Prefix.pch */,
			);
			name = "Supporting Files";
			sourceTree = "<group>";
		};
		8C1500CC18B8F21D00291E24 /* QuittTests */ = {
			isa = PBXGroup;
			children = (
				8C1500D218B8F21D00291E24 /* QuittTests.m */,
				8C1500CD18B8F21D00291E24 /* Supporting Files */,
			);
			path = QuittTests;
			sourceTree = "<group>";
		};
		8C1500CD18B8F21D00291E24 /* Supporting Files */ = {
			isa = PBXGroup;
			children = (
				8C1500CE18B8F21D00291E24 /* QuittTests-Info.plist */,
				8C1500CF18B8F21D00291E24 /* InfoPlist.strings */,
			);
			name = "Supporting Files";
			sourceTree = "<group>";
		};
		8CF8087118B8FB7D00A5B458 /* View Controllers */ = {
			isa = PBXGroup;
			children = (
				8CF8087218B8FCC300A5B458 /* FMJDashboardViewController.h */,
				8CF8087318B8FCC300A5B458 /* FMJDashboardViewController.m */,
			);
			name = "View Controllers";
			sourceTree = "<group>";
		};
/* End PBXGroup section */

/* Begin PBXNativeTarget section */
		8C1500A918B8F21D00291E24 /* Quitt */ = {
			isa = PBXNativeTarget;
			buildConfigurationList = 8C1500D618B8F21D00291E24 /* Build configuration list for PBXNativeTarget "Quitt" */;
			buildPhases = (
				8C1500A618B8F21D00291E24 /* Sources */,
				8C1500A718B8F21D00291E24 /* Frameworks */,
				8C1500A818B8F21D00291E24 /* Resources */,
			);
			buildRules = (
			);
			dependencies = (
			);
			name = Quitt;
			productName = Quitt;
			productReference = 8C1500AA18B8F21D00291E24 /* Quitt.app */;
			productType = "com.apple.product-type.application";
		};
		8C1500C418B8F21D00291E24 /* QuittTests */ = {
			isa = PBXNativeTarget;
			buildConfigurationList = 8C1500D918B8F21D00291E24 /* Build configuration list for PBXNativeTarget "QuittTests" */;
			buildPhases = (
				8C1500C118B8F21D00291E24 /* Sources */,
				8C1500C218B8F21D00291E24 /* Frameworks */,
				8C1500C318B8F21D00291E24 /* Resources */,
			);
			buildRules = (
			);
			dependencies = (
				8C1500CB18B8F21D00291E24 /* PBXTargetDependency */,
			);
			name = QuittTests;
			productName = QuittTests;
			productReference = 8C1500C518B8F21D00291E24 /* QuittTests.xctest */;
			productType = "com.apple.product-type.bundle.unit-test";
		};
/* End PBXNativeTarget section */

/* Begin PBXProject section */
		8C1500A218B8F21D00291E24 /* Project object */ = {
			isa = PBXProject;
			attributes = {
				CLASSPREFIX = FMJ;
				LastUpgradeCheck = 0500;
				ORGANIZATIONNAME = DragonLabs;
				TargetAttributes = {
					8C1500C418B8F21D00291E24 = {
						TestTargetID = 8C1500A918B8F21D00291E24;
					};
				};
			};
			buildConfigurationList = 8C1500A518B8F21D00291E24 /* Build configuration list for PBXProject "Quitt" */;
			compatibilityVersion = "Xcode 3.2";
			developmentRegion = English;
			hasScannedForEncodings = 0;
			knownRegions = (
				en,
			);
			mainGroup = 8C1500A118B8F21D00291E24;
			productRefGroup = 8C1500AB18B8F21D00291E24 /* Products */;
			projectDirPath = "";
			projectRoot = "";
			targets = (
				8C1500A918B8F21D00291E24 /* Quitt */,
				8C1500C418B8F21D00291E24 /* QuittTests */,
			);
		};
/* End PBXProject section */

/* Begin PBXResourcesBuildPhase section */
		8C1500A818B8F21D00291E24 /* Resources */ = {
			isa = PBXResourcesBuildPhase;
			buildActionMask = 2147483647;
			files = (
				8C1500B818B8F21D00291E24 /* InfoPlist.strings in Resources */,
				8C1500C018B8F21D00291E24 /* Images.xcassets in Resources */,
				8CF8087018B8F3D700A5B458 /* Storyboard.storyboard in Resources */,
			);
			runOnlyForDeploymentPostprocessing = 0;
		};
		8C1500C318B8F21D00291E24 /* Resources */ = {
			isa = PBXResourcesBuildPhase;
			buildActionMask = 2147483647;
			files = (
				8C1500D118B8F21D00291E24 /* InfoPlist.strings in Resources */,
			);
			runOnlyForDeploymentPostprocessing = 0;
		};
/* End PBXResourcesBuildPhase section */

/* Begin PBXSourcesBuildPhase section */
		8C1500A618B8F21D00291E24 /* Sources */ = {
			isa = PBXSourcesBuildPhase;
			buildActionMask = 2147483647;
			files = (
				8CF8087418B8FCC300A5B458 /* FMJDashboardViewController.m in Sources */,
				8C1500BE18B8F21D00291E24 /* FMJAppDelegate.m in Sources */,
				8C1500BA18B8F21D00291E24 /* main.m in Sources */,
			);
			runOnlyForDeploymentPostprocessing = 0;
		};
		8C1500C118B8F21D00291E24 /* Sources */ = {
			isa = PBXSourcesBuildPhase;
			buildActionMask = 2147483647;
			files = (
				8C1500D318B8F21D00291E24 /* QuittTests.m in Sources */,
			);
			runOnlyForDeploymentPostprocessing = 0;
		};
/* End PBXSourcesBuildPhase section */

/* Begin PBXTargetDependency section */
		8C1500CB18B8F21D00291E24 /* PBXTargetDependency */ = {
			isa = PBXTargetDependency;
			target = 8C1500A918B8F21D00291E24 /* Quitt */;
			targetProxy = 8C1500CA18B8F21D00291E24 /* PBXContainerItemProxy */;
		};
/* End PBXTargetDependency section */

/* Begin PBXVariantGroup section */
		8C1500B618B8F21D00291E24 /* InfoPlist.strings */ = {
			isa = PBXVariantGroup;
			children = (
				8C1500B718B8F21D00291E24 /* en */,
			);
			name = InfoPlist.strings;
			sourceTree = "<group>";
		};
		8C1500CF18B8F21D00291E24 /* InfoPlist.strings */ = {
			isa = PBXVariantGroup;
			children = (
				8C1500D018B8F21D00291E24 /* en */,
			);
			name = InfoPlist.strings;
			sourceTree = "<group>";
		};
/* End PBXVariantGroup section */

/* Begin XCBuildConfiguration section */
		8C1500D418B8F21D00291E24 /* Debug */ = {
			isa = XCBuildConfiguration;
			buildSettings = {
				ALWAYS_SEARCH_USER_PATHS = NO;
				ARCHS = "$(ARCHS_STANDARD_INCLUDING_64_BIT)";
				CLANG_CXX_LANGUAGE_STANDARD = "gnu++0x";
				CLANG_CXX_LIBRARY = "libc++";
				CLANG_ENABLE_MODULES = YES;
				CLANG_ENABLE_OBJC_ARC = YES;
				CLANG_WARN_BOOL_CONVERSION = YES;
				CLANG_WARN_CONSTANT_CONVERSION = YES;
				CLANG_WARN_DIRECT_OBJC_ISA_USAGE = YES_ERROR;
				CLANG_WARN_EMPTY_BODY = YES;
				CLANG_WARN_ENUM_CONVERSION = YES;
				CLANG_WARN_INT_CONVERSION = YES;
				CLANG_WARN_OBJC_ROOT_CLASS = YES_ERROR;
				CLANG_WARN__DUPLICATE_METHOD_MATCH = YES;
				"CODE_SIGN_IDENTITY[sdk=iphoneos*]" = "iPhone Developer";
				COPY_PHASE_STRIP = NO;
				GCC_C_LANGUAGE_STANDARD = gnu99;
				GCC_DYNAMIC_NO_PIC = NO;
				GCC_OPTIMIZATION_LEVEL = 0;
				GCC_PREPROCESSOR_DEFINITIONS = (
					"DEBUG=1",
					"$(inherited)",
				);
				GCC_SYMBOLS_PRIVATE_EXTERN = NO;
				GCC_WARN_64_TO_32_BIT_CONVERSION = YES;
				GCC_WARN_ABOUT_RETURN_TYPE = YES_ERROR;
				GCC_WARN_UNDECLARED_SELECTOR = YES;
				GCC_WARN_UNINITIALIZED_AUTOS = YES;
				GCC_WARN_UNUSED_FUNCTION = YES;
				GCC_WARN_UNUSED_VARIABLE = YES;
				IPHONEOS_DEPLOYMENT_TARGET = 7.0;
				ONLY_ACTIVE_ARCH = YES;
				SDKROOT = iphoneos;
			};
			name = Debug;
		};
		8C1500D518B8F21D00291E24 /* Release */ = {
			isa = XCBuildConfiguration;
			buildSettings = {
				ALWAYS_SEARCH_USER_PATHS = NO;
				ARCHS = "$(ARCHS_STANDARD_INCLUDING_64_BIT)";
				CLANG_CXX_LANGUAGE_STANDARD = "gnu++0x";
				CLANG_CXX_LIBRARY = "libc++";
				CLANG_ENABLE_MODULES = YES;
				CLANG_ENABLE_OBJC_ARC = YES;
				CLANG_WARN_BOOL_CONVERSION = YES;
				CLANG_WARN_CONSTANT_CONVERSION = YES;
				CLANG_WARN_DIRECT_OBJC_ISA_USAGE = YES_ERROR;
				CLANG_WARN_EMPTY_BODY = YES;
				CLANG_WARN_ENUM_CONVERSION = YES;
				CLANG_WARN_INT_CONVERSION = YES;
				CLANG_WARN_OBJC_ROOT_CLASS = YES_ERROR;
				CLANG_WARN__DUPLICATE_METHOD_MATCH = YES;
				"CODE_SIGN_IDENTITY[sdk=iphoneos*]" = "iPhone Developer";
				COPY_PHASE_STRIP = YES;
				ENABLE_NS_ASSERTIONS = NO;
				GCC_C_LANGUAGE_STANDARD = gnu99;
				GCC_WARN_64_TO_32_BIT_CONVERSION = YES;
				GCC_WARN_ABOUT_RETURN_TYPE = YES_ERROR;
				GCC_WARN_UNDECLARED_SELECTOR = YES;
				GCC_WARN_UNINITIALIZED_AUTOS = YES;
				GCC_WARN_UNUSED_FUNCTION = YES;
				GCC_WARN_UNUSED_VARIABLE = YES;
				IPHONEOS_DEPLOYMENT_TARGET = 7.0;
				SDKROOT = iphoneos;
				VALIDATE_PRODUCT = YES;
			};
			name = Release;
		};
		8C1500D718B8F21D00291E24 /* Debug */ = {
			isa = XCBuildConfiguration;
			buildSettings = {
				ASSETCATALOG_COMPILER_APPICON_NAME = AppIcon;
				ASSETCATALOG_COMPILER_LAUNCHIMAGE_NAME = LaunchImage;
				GCC_PRECOMPILE_PREFIX_HEADER = YES;
				GCC_PREFIX_HEADER = "Quitt/Quitt-Prefix.pch";
				INFOPLIST_FILE = "Quitt/Quitt-Info.plist";
				IPHONEOS_DEPLOYMENT_TARGET = 7.0;
				PRODUCT_NAME = "$(TARGET_NAME)";
				WRAPPER_EXTENSION = app;
			};
			name = Debug;
		};
		8C1500D818B8F21D00291E24 /* Release */ = {
			isa = XCBuildConfiguration;
			buildSettings = {
				ASSETCATALOG_COMPILER_APPICON_NAME = AppIcon;
				ASSETCATALOG_COMPILER_LAUNCHIMAGE_NAME = LaunchImage;
				GCC_PRECOMPILE_PREFIX_HEADER = YES;
				GCC_PREFIX_HEADER = "Quitt/Quitt-Prefix.pch";
				INFOPLIST_FILE = "Quitt/Quitt-Info.plist";
				IPHONEOS_DEPLOYMENT_TARGET = 7.0;
				PRODUCT_NAME = "$(TARGET_NAME)";
				WRAPPER_EXTENSION = app;
			};
			name = Release;
		};
		8C1500DA18B8F21D00291E24 /* Debug */ = {
			isa = XCBuildConfiguration;
			buildSettings = {
				ARCHS = "$(ARCHS_STANDARD_INCLUDING_64_BIT)";
				BUNDLE_LOADER = "$(BUILT_PRODUCTS_DIR)/Quitt.app/Quitt";
				FRAMEWORK_SEARCH_PATHS = (
					"$(SDKROOT)/Developer/Library/Frameworks",
					"$(inherited)",
					"$(DEVELOPER_FRAMEWORKS_DIR)",
				);
				GCC_PRECOMPILE_PREFIX_HEADER = YES;
				GCC_PREFIX_HEADER = "Quitt/Quitt-Prefix.pch";
				GCC_PREPROCESSOR_DEFINITIONS = (
					"DEBUG=1",
					"$(inherited)",
				);
				INFOPLIST_FILE = "QuittTests/QuittTests-Info.plist";
				PRODUCT_NAME = "$(TARGET_NAME)";
				TEST_HOST = "$(BUNDLE_LOADER)";
				WRAPPER_EXTENSION = xctest;
			};
			name = Debug;
		};
		8C1500DB18B8F21D00291E24 /* Release */ = {
			isa = XCBuildConfiguration;
			buildSettings = {
				ARCHS = "$(ARCHS_STANDARD_INCLUDING_64_BIT)";
				BUNDLE_LOADER = "$(BUILT_PRODUCTS_DIR)/Quitt.app/Quitt";
				FRAMEWORK_SEARCH_PATHS = (
					"$(SDKROOT)/Developer/Library/Frameworks",
					"$(inherited)",
					"$(DEVELOPER_FRAMEWORKS_DIR)",
				);
				GCC_PRECOMPILE_PREFIX_HEADER = YES;
				GCC_PREFIX_HEADER = "Quitt/Quitt-Prefix.pch";
				INFOPLIST_FILE = "QuittTests/QuittTests-Info.plist";
				PRODUCT_NAME = "$(TARGET_NAME)";
				TEST_HOST = "$(BUNDLE_LOADER)";
				WRAPPER_EXTENSION = xctest;
			};
			name = Release;
		};
/* End XCBuildConfiguration section */

/* Begin XCConfigurationList section */
		8C1500A518B8F21D00291E24 /* Build configuration list for PBXProject "Quitt" */ = {
			isa = XCConfigurationList;
			buildConfigurations = (
				8C1500D418B8F21D00291E24 /* Debug */,
				8C1500D518B8F21D00291E24 /* Release */,
			);
			defaultConfigurationIsVisible = 0;
			defaultConfigurationName = Release;
		};
		8C1500D618B8F21D00291E24 /* Build configuration list for PBXNativeTarget "Quitt" */ = {
			isa = XCConfigurationList;
			buildConfigurations = (
				8C1500D718B8F21D00291E24 /* Debug */,
				8C1500D818B8F21D00291E24 /* Release */,
			);
			defaultConfigurationIsVisible = 0;
			defaultConfigurationName = Release;
		};
		8C1500D918B8F21D00291E24 /* Build configuration list for PBXNativeTarget "QuittTests" */ = {
			isa = XCConfigurationList;
			buildConfigurations = (
				8C1500DA18B8F21D00291E24 /* Debug */,
				8C1500DB18B8F21D00291E24 /* Release */,
			);
			defaultConfigurationIsVisible = 0;
			defaultConfigurationName = Release;
		};
/* End XCConfigurationList section */
	};
	rootObject = 8C1500A218B8F21D00291E24 /* Project object */;
}
